// !$*UTF8*$!
{
	archiveVersion = 1;
	classes = {
	};
	objectVersion = 46;
	objects = {

/* Begin PBXBuildFile section */
		41A3E3C51CFF660A008A5769 /* AppDelegate.swift in Sources */ = {isa = PBXBuildFile; fileRef = 41A3E3C41CFF660A008A5769 /* AppDelegate.swift */; };
		41A3E3C71CFF660A008A5769 /* ViewController.swift in Sources */ = {isa = PBXBuildFile; fileRef = 41A3E3C61CFF660A008A5769 /* ViewController.swift */; };
		41A3E3CA1CFF660A008A5769 /* Main.storyboard in Resources */ = {isa = PBXBuildFile; fileRef = 41A3E3C81CFF660A008A5769 /* Main.storyboard */; };
		41A3E3CC1CFF660A008A5769 /* Assets.xcassets in Resources */ = {isa = PBXBuildFile; fileRef = 41A3E3CB1CFF660A008A5769 /* Assets.xcassets */; };
		41A3E3CF1CFF660A008A5769 /* LaunchScreen.storyboard in Resources */ = {isa = PBXBuildFile; fileRef = 41A3E3CD1CFF660A008A5769 /* LaunchScreen.storyboard */; };
		41A3E3D71CFF664D008A5769 /* Line.swift in Sources */ = {isa = PBXBuildFile; fileRef = 41A3E3D61CFF664D008A5769 /* Line.swift */; };
		41A3E3D91CFF66F2008A5769 /* DrawView.swift in Sources */ = {isa = PBXBuildFile; fileRef = 41A3E3D81CFF66F2008A5769 /* DrawView.swift */; };
/* End PBXBuildFile section */

/* Begin PBXFileReference section */
		41A3E3C11CFF660A008A5769 /* TouchTracker.app */ = {isa = PBXFileReference; explicitFileType = wrapper.application; includeInIndex = 0; path = TouchTracker.app; sourceTree = BUILT_PRODUCTS_DIR; };
		41A3E3C41CFF660A008A5769 /* AppDelegate.swift */ = {isa = PBXFileReference; lastKnownFileType = sourcecode.swift; path = AppDelegate.swift; sourceTree = "<group>"; };
		41A3E3C61CFF660A008A5769 /* ViewController.swift */ = {isa = PBXFileReference; lastKnownFileType = sourcecode.swift; path = ViewController.swift; sourceTree = "<group>"; };
		41A3E3C91CFF660A008A5769 /* Base */ = {isa = PBXFileReference; lastKnownFileType = file.storyboard; name = Base; path = Base.lproj/Main.storyboard; sourceTree = "<group>"; };
		41A3E3CB1CFF660A008A5769 /* Assets.xcassets */ = {isa = PBXFileReference; lastKnownFileType = folder.assetcatalog; path = Assets.xcassets; sourceTree = "<group>"; };
		41A3E3CE1CFF660A008A5769 /* Base */ = {isa = PBXFileReference; lastKnownFileType = file.storyboard; name = Base; path = Base.lproj/LaunchScreen.storyboard; sourceTree = "<group>"; };
		41A3E3D01CFF660A008A5769 /* Info.plist */ = {isa = PBXFileReference; lastKnownFileType = text.plist.xml; path = Info.plist; sourceTree = "<group>"; };
		41A3E3D61CFF664D008A5769 /* Line.swift */ = {isa = PBXFileReference; fileEncoding = 4; lastKnownFileType = sourcecode.swift; path = Line.swift; sourceTree = "<group>"; };
		41A3E3D81CFF66F2008A5769 /* DrawView.swift */ = {isa = PBXFileReference; fileEncoding = 4; lastKnownFileType = sourcecode.swift; path = DrawView.swift; sourceTree = "<group>"; };
/* End PBXFileReference section */

/* Begin PBXFrameworksBuildPhase section */
		41A3E3BE1CFF660A008A5769 /* Frameworks */ = {
			isa = PBXFrameworksBuildPhase;
			buildActionMask = 2147483647;
			files = (
			);
			runOnlyForDeploymentPostprocessing = 0;
		};
/* End PBXFrameworksBuildPhase section */

/* Begin PBXGroup section */
		41A3E3B81CFF660A008A5769 = {
			isa = PBXGroup;
			children = (
				41A3E3C31CFF660A008A5769 /* TouchTracker */,
				41A3E3C21CFF660A008A5769 /* Products */,
			);
			sourceTree = "<group>";
		};
		41A3E3C21CFF660A008A5769 /* Products */ = {
			isa = PBXGroup;
			children = (
				41A3E3C11CFF660A008A5769 /* TouchTracker.app */,
			);
			name = Products;
			sourceTree = "<group>";
		};
		41A3E3C31CFF660A008A5769 /* TouchTracker */ = {
			isa = PBXGroup;
			children = (
				41A3E3C41CFF660A008A5769 /* AppDelegate.swift */,
				41A3E3C61CFF660A008A5769 /* ViewController.swift */,
				41A3E3C81CFF660A008A5769 /* Main.storyboard */,
				41A3E3CB1CFF660A008A5769 /* Assets.xcassets */,
				41A3E3CD1CFF660A008A5769 /* LaunchScreen.storyboard */,
				41A3E3D01CFF660A008A5769 /* Info.plist */,
				41A3E3D61CFF664D008A5769 /* Line.swift */,
				41A3E3D81CFF66F2008A5769 /* DrawView.swift */,
			);
			path = TouchTracker;
			sourceTree = "<group>";
		};
/* End PBXGroup section */

/* Begin PBXNativeTarget section */
		41A3E3C01CFF660A008A5769 /* TouchTracker */ = {
			isa = PBXNativeTarget;
			buildConfigurationList = 41A3E3D31CFF660A008A5769 /* Build configuration list for PBXNativeTarget "TouchTracker" */;
			buildPhases = (
				41A3E3BD1CFF660A008A5769 /* Sources */,
				41A3E3BE1CFF660A008A5769 /* Frameworks */,
				41A3E3BF1CFF660A008A5769 /* Resources */,
			);
			buildRules = (
			);
			dependencies = (
			);
			name = TouchTracker;
			productName = TouchTracker;
			productReference = 41A3E3C11CFF660A008A5769 /* TouchTracker.app */;
			productType = "com.apple.product-type.application";
		};
/* End PBXNativeTarget section */

/* Begin PBXProject section */
		41A3E3B91CFF660A008A5769 /* Project object */ = {
			isa = PBXProject;
			attributes = {
				LastSwiftUpdateCheck = 0730;
				LastUpgradeCheck = 0730;
				ORGANIZATIONNAME = "Big Nerd Ranch";
				TargetAttributes = {
					41A3E3C01CFF660A008A5769 = {
						CreatedOnToolsVersion = 7.3.1;
						DevelopmentTeam = C5ULR574M3;
					};
				};
			};
			buildConfigurationList = 41A3E3BC1CFF660A008A5769 /* Build configuration list for PBXProject "TouchTracker" */;
			compatibilityVersion = "Xcode 3.2";
			developmentRegion = English;
			hasScannedForEncodings = 0;
			knownRegions = (
				en,
				Base,
			);
			mainGroup = 41A3E3B81CFF660A008A5769;
			productRefGroup = 41A3E3C21CFF660A008A5769 /* Products */;
			projectDirPath = "";
			projectRoot = "";
			targets = (
				41A3E3C01CFF660A008A5769 /* TouchTracker */,
			);
		};
/* End PBXProject section */

/* Begin PBXResourcesBuildPhase section */
		41A3E3BF1CFF660A008A5769 /* Resources */ = {
			isa = PBXResourcesBuildPhase;
			buildActionMask = 2147483647;
			files = (
				41A3E3CF1CFF660A008A5769 /* LaunchScreen.storyboard in Resources */,
				41A3E3CC1CFF660A008A5769 /* Assets.xcassets in Resources */,
				41A3E3CA1CFF660A008A5769 /* Main.storyboard in Resources */,
			);
			runOnlyForDeploymentPostprocessing = 0;
		};
/* End PBXResourcesBuildPhase section */

/* Begin PBXSourcesBuildPhase section */
		41A3E3BD1CFF660A008A5769 /* Sources */ = {
			isa = PBXSourcesBuildPhase;
			buildActionMask = 2147483647;
			files = (
				41A3E3D71CFF664D008A5769 /* Line.swift in Sources */,
				41A3E3C71CFF660A008A5769 /* ViewController.swift in Sources */,
				41A3E3D91CFF66F2008A5769 /* DrawView.swift in Sources */,
				41A3E3C51CFF660A008A5769 /* AppDelegate.swift in Sources */,
			);
			runOnlyForDeploymentPostprocessing = 0;
		};
/* End PBXSourcesBuildPhase section */

/* Begin PBXVariantGroup section */
		41A3E3C81CFF660A008A5769 /* Main.storyboard */ = {
			isa = PBXVariantGroup;
			children = (
				41A3E3C91CFF660A008A5769 /* Base */,
			);
			name = Main.storyboard;
			sourceTree = "<group>";
		};
		41A3E3CD1CFF660A008A5769 /* LaunchScreen.storyboard */ = {
			isa = PBXVariantGroup;
			children = (
				41A3E3CE1CFF660A008A5769 /* Base */,
			);
			name = LaunchScreen.storyboard;
			sourceTree = "<group>";
		};
/* End PBXVariantGroup section */

/* Begin XCBuildConfiguration section */
		41A3E3D11CFF660A008A5769 /* Debug */ = {
			isa = XCBuildConfiguration;
			buildSettings = {
				ALWAYS_SEARCH_USER_PATHS = NO;
				CLANG_ANALYZER_NONNULL = YES;
				CLANG_CXX_LANGUAGE_STANDARD = "gnu++0x";
				CLANG_CXX_LIBRARY = "libc++";
				CLANG_ENABLE_MODULES = YES;
				CLANG_ENABLE_OBJC_ARC = YES;
				CLANG_WARN_BOOL_CONVERSION = YES;
				CLANG_WARN_CONSTANT_CONVERSION = YES;
				CLANG_WARN_DIRECT_OBJC_ISA_USAGE = YES_ERROR;
				CLANG_WARN_EMPTY_BODY = YES;
				CLANG_WARN_ENUM_CONVERSION = YES;
				CLANG_WARN_INT_CONVERSION = YES;
				CLANG_WARN_OBJC_ROOT_CLASS = YES_ERROR;
				CLANG_WARN_UNREACHABLE_CODE = YES;
				CLANG_WARN__DUPLICATE_METHOD_MATCH = YES;
				"CODE_SIGN_IDENTITY[sdk=iphoneos*]" = "iPhone Developer";
				COPY_PHASE_STRIP = NO;
				DEBUG_INFORMATION_FORMAT = dwarf;
				ENABLE_STRICT_OBJC_MSGSEND = YES;
				ENABLE_TESTABILITY = YES;
				GCC_C_LANGUAGE_STANDARD = gnu99;
				GCC_DYNAMIC_NO_PIC = NO;
				GCC_NO_COMMON_BLOCKS = YES;
				GCC_OPTIMIZATION_LEVEL = 0;
				GCC_PREPROCESSOR_DEFINITIONS = (
					"DEBUG=1",
					"$(inherited)",
				);
				GCC_WARN_64_TO_32_BIT_CONVERSION = YES;
				GCC_WARN_ABOUT_RETURN_TYPE = YES_ERROR;
				GCC_WARN_UNDECLARED_SELECTOR = YES;
				GCC_WARN_UNINITIALIZED_AUTOS = YES_AGGRESSIVE;
				GCC_WARN_UNUSED_FUNCTION = YES;
				GCC_WARN_UNUSED_VARIABLE = YES;
				IPHONEOS_DEPLOYMENT_TARGET = 9.3;
				MTL_ENABLE_DEBUG_INFO = YES;
				ONLY_ACTIVE_ARCH = YES;
				SDKROOT = iphoneos;
				SWIFT_OPTIMIZATION_LEVEL = "-Onone";
				TARGETED_DEVICE_FAMILY = "1,2";
			};
			name = Debug;
		};
		41A3E3D21CFF660A008A5769 /* Release */ = {
			isa = XCBuildConfiguration;
			buildSettings = {
				ALWAYS_SEARCH_USER_PATHS = NO;
				CLANG_ANALYZER_NONNULL = YES;
				CLANG_CXX_LANGUAGE_STANDARD = "gnu++0x";
				CLANG_CXX_LIBRARY = "libc++";
				CLANG_ENABLE_MODULES = YES;
				CLANG_ENABLE_OBJC_ARC = YES;
				CLANG_WARN_BOOL_CONVERSION = YES;
				CLANG_WARN_CONSTANT_CONVERSION = YES;
				CLANG_WARN_DIRECT_OBJC_ISA_USAGE = YES_ERROR;
				CLANG_WARN_EMPTY_BODY = YES;
				CLANG_WARN_ENUM_CONVERSION = YES;
				CLANG_WARN_INT_CONVERSION = YES;
				CLANG_WARN_OBJC_ROOT_CLASS = YES_ERROR;
				CLANG_WARN_UNREACHABLE_CODE = YES;
				CLANG_WARN__DUPLICATE_METHOD_MATCH = YES;
				"CODE_SIGN_IDENTITY[sdk=iphoneos*]" = "iPhone Developer";
				COPY_PHASE_STRIP = NO;
				DEBUG_INFORMATION_FORMAT = "dwarf-with-dsym";
				ENABLE_NS_ASSERTIONS = NO;
				ENABLE_STRICT_OBJC_MSGSEND = YES;
				GCC_C_LANGUAGE_STANDARD = gnu99;
				GCC_NO_COMMON_BLOCKS = YES;
				GCC_WARN_64_TO_32_BIT_CONVERSION = YES;
				GCC_WARN_ABOUT_RETURN_TYPE = YES_ERROR;
				GCC_WARN_UNDECLARED_SELECTOR = YES;
				GCC_WARN_UNINITIALIZED_AUTOS = YES_AGGRESSIVE;
				GCC_WARN_UNUSED_FUNCTION = YES;
				GCC_WARN_UNUSED_VARIABLE = YES;
				IPHONEOS_DEPLOYMENT_TARGET = 9.3;
				MTL_ENABLE_DEBUG_INFO = NO;
				SDKROOT = iphoneos;
				TARGETED_DEVICE_FAMILY = "1,2";
				VALIDATE_PRODUCT = YES;
			};
			name = Release;
		};
		41A3E3D41CFF660A008A5769 /* Debug */ = {
			isa = XCBuildConfiguration;
			buildSettings = {
				ASSETCATALOG_COMPILER_APPICON_NAME = AppIcon;
				INFOPLIST_FILE = TouchTracker/Info.plist;
				LD_RUNPATH_SEARCH_PATHS = "$(inherited) @executable_path/Frameworks";
				PRODUCT_BUNDLE_IDENTIFIER = com.bignerdranch.TouchTracker1;
				PRODUCT_NAME = "$(TARGET_NAME)";
			};
			name = Debug;
		};
		41A3E3D51CFF660A008A5769 /* Release */ = {
			isa = XCBuildConfiguration;
			buildSettings = {
				ASSETCATALOG_COMPILER_APPICON_NAME = AppIcon;
				INFOPLIST_FILE = TouchTracker/Info.plist;
				LD_RUNPATH_SEARCH_PATHS = "$(inherited) @executable_path/Frameworks";
				PRODUCT_BUNDLE_IDENTIFIER = com.bignerdranch.TouchTracker1;
				PRODUCT_NAME = "$(TARGET_NAME)";
			};
			name = Release;
		};
/* End XCBuildConfiguration section */

/* Begin XCConfigurationList section */
		41A3E3BC1CFF660A008A5769 /* Build configuration list for PBXProject "TouchTracker" */ = {
			isa = XCConfigurationList;
			buildConfigurations = (
				41A3E3D11CFF660A008A5769 /* Debug */,
				41A3E3D21CFF660A008A5769 /* Release */,
			);
			defaultConfigurationIsVisible = 0;
			defaultConfigurationName = Release;
		};
		41A3E3D31CFF660A008A5769 /* Build configuration list for PBXNativeTarget "TouchTracker" */ = {
			isa = XCConfigurationList;
			buildConfigurations = (
				41A3E3D41CFF660A008A5769 /* Debug */,
				41A3E3D51CFF660A008A5769 /* Release */,
			);
			defaultConfigurationIsVisible = 0;
			defaultConfigurationName = Release;
		};
/* End XCConfigurationList section */
	};
	rootObject = 41A3E3B91CFF660A008A5769 /* Project object */;
}
